
Microsoft Visual Studio Solution File, Format Version 12.00
# Visual Studio Version 17
VisualStudioVersion = 17.9.34607.119
MinimumVisualStudioVersion = 10.0.40219.1
Project("{2150E333-8FDC-42A3-9474-1A3956D46DE8}") = "src", "src", "{880AAEFC-2F3F-47B2-A24A-336DC3DFD043}"
EndProject
Project("{2150E333-8FDC-42A3-9474-1A3956D46DE8}") = "tests", "tests", "{E900E2D6-E994-42CD-858F-8DF6D3163F61}"
EndProject
Project("{9A19103F-16F7-4668-BE54-9A1E7A4F7556}") = "RocketseatAuction.API", "src\RocketseatAuction.API\RocketseatAuction.API.csproj", "{66D83EC3-9C44-404D-9F3C-D93E266A3FC4}"
EndProject
Project("{FAE04EC0-301F-11D3-BF4B-00C04F79EFBC}") = "UseCases.Test", "tests\UseCases.Test\UseCases.Test.csproj", "{CB079E68-3B89-4599-87E7-AED285FB95C5}"
EndProject
Global
	GlobalSection(SolutionConfigurationPlatforms) = preSolution
		Debug|Any CPU = Debug|Any CPU
		Release|Any CPU = Release|Any CPU
	EndGlobalSection
	GlobalSection(ProjectConfigurationPlatforms) = postSolution
		{66D83EC3-9C44-404D-9F3C-D93E266A3FC4}.Debug|Any CPU.ActiveCfg = Debug|Any CPU
		{66D83EC3-9C44-404D-9F3C-D93E266A3FC4}.Debug|Any CPU.Build.0 = Debug|Any CPU
		{66D83EC3-9C44-404D-9F3C-D93E266A3FC4}.Release|Any CPU.ActiveCfg = Release|Any CPU
		{66D83EC3-9C44-404D-9F3C-D93E266A3FC4}.Release|Any CPU.Build.0 = Release|Any CPU
		{CB079E68-3B89-4599-87E7-AED285FB95C5}.Debug|Any CPU.ActiveCfg = Debug|Any CPU
		{CB079E68-3B89-4599-87E7-AED285FB95C5}.Debug|Any CPU.Build.0 = Debug|Any CPU
		{CB079E68-3B89-4599-87E7-AED285FB95C5}.Release|Any CPU.ActiveCfg = Release|Any CPU
		{CB079E68-3B89-4599-87E7-AED285FB95C5}.Release|Any CPU.Build.0 = Release|Any CPU
	EndGlobalSection
	GlobalSection(SolutionProperties) = preSolution
		HideSolutionNode = FALSE
	EndGlobalSection
	GlobalSection(NestedProjects) = preSolution
		{66D83EC3-9C44-404D-9F3C-D93E266A3FC4} = {880AAEFC-2F3F-47B2-A24A-336DC3DFD043}
		{CB079E68-3B89-4599-87E7-AED285FB95C5} = {E900E2D6-E994-42CD-858F-8DF6D3163F61}
	EndGlobalSection
	GlobalSection(ExtensibilityGlobals) = postSolution
		SolutionGuid = {73EA04E7-4912-4A79-AF7F-EAB673EB6C0A}
	EndGlobalSection
EndGlobal
